
Microsoft Visual Studio Solution File, Format Version 12.00
# Visual Studio 15
VisualStudioVersion = 15.0.27428.2037
MinimumVisualStudioVersion = 10.0.40219.1
Project("{FAE04EC0-301F-11D3-BF4B-00C04F79EFBC}") = "SharePointCSOMExport", "SharePointCSOMExport\SharePointCSOMExport.csproj", "{B6C0AE7C-4731-450A-B797-C7A7287F6013}"
EndProject
Global
	GlobalSection(SolutionConfigurationPlatforms) = preSolution
		Debug|Any CPU = Debug|Any CPU
		Release|Any CPU = Release|Any CPU
	EndGlobalSection
	GlobalSection(ProjectConfigurationPlatforms) = postSolution
		{B6C0AE7C-4731-450A-B797-C7A7287F6013}.Debug|Any CPU.ActiveCfg = Debug|Any CPU
		{B6C0AE7C-4731-450A-B797-C7A7287F6013}.Debug|Any CPU.Build.0 = Debug|Any CPU
		{B6C0AE7C-4731-450A-B797-C7A7287F6013}.Release|Any CPU.ActiveCfg = Release|Any CPU
		{B6C0AE7C-4731-450A-B797-C7A7287F6013}.Release|Any CPU.Build.0 = Release|Any CPU
	EndGlobalSection
	GlobalSection(SolutionProperties) = preSolution
		HideSolutionNode = FALSE
	EndGlobalSection
	GlobalSection(ExtensibilityGlobals) = postSolution
		SolutionGuid = {571F7AF9-E86E-4BA2-AF68-41C6E55980FD}
	EndGlobalSection
EndGlobal
